# This file is generated by running "yarn install" inside your project.
# Manual changes might be lost - proceed with caution!

__metadata:
  version: 10
  cacheKey: 10c0

"@datadog/browser-core@npm:7.4.0":
  version: 7.4.0
  resolution: "@datadog/browser-core@npm:7.4.0"
  dependencies:
    "@datadog/js-core": "npm:0.0.4"
  checksum: 10c0/34c260b45b457d151489ae6a1c66d47a63e75c634f2525011213e27bf91a29a04c3367df3df8ffe94b5aa7e839dcc5997c4fb8a405e519e33aca52c4a7737e10
  languageName: node
  linkType: hard

"@datadog/browser-rum-core@npm:7.4.0":
  version: 7.4.0
  resolution: "@datadog/browser-rum-core@npm:7.4.0"
  dependencies:
    "@datadog/browser-core": "npm:7.4.0"
    "@datadog/js-core": "npm:0.0.4"
  checksum: 10c0/575917d8a92b84ef27a4a9e50851d935272081d7cec0ea1378039a6a5bd4b420cb3b72f37c97dd8c7a1e937a1f8def3ce17a35e0ffe3071383caaaadeeccf42f
  languageName: node
  linkType: hard

"@datadog/browser-rum@npm:7.4.0":
  version: 7.4.0
  resolution: "@datadog/browser-rum@npm:7.4.0"
  dependencies:
    "@datadog/browser-core": "npm:7.4.0"
    "@datadog/browser-rum-core": "npm:7.4.0"
    "@datadog/js-core": "npm:0.0.4"
  peerDependencies:
    "@datadog/browser-logs": 7.4.0
  peerDependenciesMeta:
    "@datadog/browser-logs":
      optional: true
  checksum: 10c0/4140df89be9004f668998c4785c4546ef6367aa9329e36b77b97d7d8a4f353d5161486b55a76f94b6b83d5fb9bdb08559e17e5505d4d3c36c5ea1fa9a294e7cb
  languageName: node
  linkType: hard

"@datadog/electron-sdk@portal:../..::locator=e2e-test-app%40workspace%3A.":
  version: 0.0.0-use.local
  resolution: "@datadog/electron-sdk@portal:../..::locator=e2e-test-app%40workspace%3A."
  dependencies:
    dd-trace: "npm:5.109.0"
  peerDependencies:
    electron: ">=39"
  languageName: node
  linkType: soft

"@datadog/flagging-core@npm:1.2.1":
  version: 1.2.1
  resolution: "@datadog/flagging-core@npm:1.2.1"
  dependencies:
    spark-md5: "npm:^3.0.2"
  checksum: 10c0/105dd13dcb8b241e5ed1a76c4d9b3a43bf4f6867af5893e3ae92bb98344907adca3a2b7c3d04511762012459b0803fb9e82feded5cf8eebfac7122de6a27eeff
  languageName: node
  linkType: hard

"@datadog/js-core@npm:0.0.4":
  version: 0.0.4
  resolution: "@datadog/js-core@npm:0.0.4"
  checksum: 10c0/b1223c4baa8e98f764dc03f881cd84b3c9b065c1b63d0fa1d70c3f7fc2b1cd6b226242120699e940b3648520f49eb2d87226623fe7556743cfdf701154e9a294
  languageName: node
  linkType: hard

"@datadog/libdatadog@npm:0.9.4":
  version: 0.9.4
  resolution: "@datadog/libdatadog@npm:0.9.4"
  checksum: 10c0/f1dbfb960f3249d4ae8f8f7f110ad1ea22ef3e71667dc6b7ea00f6f02651660f9deec593a534a2f35ac2b0c279baa7e86a45d42de75f31d11c3c8124ec6c3948
  languageName: node
  linkType: hard

"@datadog/native-appsec@npm:11.0.1":
  version: 11.0.1
  resolution: "@datadog/native-appsec@npm:11.0.1"
  dependencies:
    node-gyp: "npm:latest"
    node-gyp-build: "npm:^3.9.0"
  checksum: 10c0/995fb414202cd2fffacde68fc62b0e97c0a3e061266e6462e16b8a4719a408c7232ec1dc48b33620b7113d16319e6b2521b4e7fa47383330597b1992f7905c8f
  languageName: node
  linkType: hard

"@datadog/native-iast-taint-tracking@npm:4.2.0":
  version: 4.2.0
  resolution: "@datadog/native-iast-taint-tracking@npm:4.2.0"
  dependencies:
    node-gyp: "npm:latest"
    node-gyp-build: "npm:^3.9.0"
  checksum: 10c0/4654111b99251f807f57b5131ff37274a68dfe2fd63d1c30bcbacdc90eebe0509441142dd9f76e52d1066486ddc450e34d11679c670d3d3a353daabeb74dd9de
  languageName: node
  linkType: hard

"@datadog/native-metrics@npm:3.1.2":
  version: 3.1.2
  resolution: "@datadog/native-metrics@npm:3.1.2"
  dependencies:
    node-addon-api: "npm:^6.1.0"
    node-gyp: "npm:latest"
    node-gyp-build: "npm:^3.9.0"
  checksum: 10c0/466f38f393bd303770346777df78a6642b1f449cca3e6e7a6d5a1d00d146126ca107afc1734d37d2b4ca858212a8e2e47a97fa8415a3e56cc807cffb31a31884
  languageName: node
  linkType: hard

"@datadog/openfeature-node-server@npm:2.0.0":
  version: 2.0.0
  resolution: "@datadog/openfeature-node-server@npm:2.0.0"
  dependencies:
    "@datadog/flagging-core": "npm:1.2.1"
  peerDependencies:
    "@openfeature/server-sdk": ">=1.15.1"
  checksum: 10c0/5126bcf3e8907f5dc5d0839c88f4a9998984ce296f0766d39ee0cbee6fc01de2814c857d76de776df6600a3d58175d522566019675437340615011995e80a050
  languageName: node
  linkType: hard

"@datadog/pprof@npm:5.15.0":
  version: 5.15.0
  resolution: "@datadog/pprof@npm:5.15.0"
  dependencies:
    node-gyp: "npm:latest"
    node-gyp-build: "npm:^4.8.4"
    pprof-format: "npm:^2.2.1"
    source-map: "npm:^0.7.4"
  checksum: 10c0/77741f63f0d5b3ea97aec14733c528967e3c5ded9fc71238ac3e5a731501809ee4a4594a428f22415c5d4beb26d5260807d84156f2b8fe37eebebd257da06fc6
  languageName: node
  linkType: hard

"@datadog/wasm-js-rewriter@npm:5.0.1":
  version: 5.0.1
  resolution: "@datadog/wasm-js-rewriter@npm:5.0.1"
  dependencies:
    js-yaml: "npm:^4.1.0"
    lru-cache: "npm:^7.14.0"
    module-details-from-path: "npm:^1.0.3"
    node-gyp-build: "npm:^4.5.0"
  checksum: 10c0/e5f665f53b8d292efe85ac401f56923112860cfd14c5d84097ad22e1b86c8a30f3cd39cc92e1ec6e8f5f9de5fef028af46554752d8ae2d0f80b7c3a44827f0db
  languageName: node
  linkType: hard

"@electron-internal/extract-zip@npm:^1.0.1":
  version: 1.0.4
  resolution: "@electron-internal/extract-zip@npm:1.0.4"
  checksum: 10c0/e841b38b08317ff5345e3454d0417c406d2258f0de5e654b55b49b28c46d3c0666febc5e14044a4ce110b8a9dd5d4d2b6d7e546a658d073094b3e335ca6db252
  languageName: node
  linkType: hard

"@electron/get@npm:^5.0.0":
  version: 5.0.0
  resolution: "@electron/get@npm:5.0.0"
  dependencies:
    debug: "npm:^4.1.1"
    env-paths: "npm:^3.0.0"
    graceful-fs: "npm:^4.2.11"
    progress: "npm:^2.0.3"
    semver: "npm:^7.6.3"
    sumchecker: "npm:^3.0.1"
    undici: "npm:^7.24.4"
  dependenciesMeta:
    undici:
      optional: true
  checksum: 10c0/6f40ac6a5cb6be6178b3218f2be771351da8d06bb1ab3e15b5e5b785c9480d71e177c645fc96b06c717672018bbcb81d125da0a59fb0b2aaae7076db73360fd0
  languageName: node
  linkType: hard

"@emnapi/core@npm:1.10.0":
  version: 1.10.0
  resolution: "@emnapi/core@npm:1.10.0"
  dependencies:
    "@emnapi/wasi-threads": "npm:1.2.1"
    tslib: "npm:^2.4.0"
  checksum: 10c0/f51d08227857b60632de7714d708124f0e100a1462dde6df8221760939aa3204a73193830371830fac0716f3ccd2129f2cac1b17cd7d7958bc4da9018a296edb
  languageName: node
  linkType: hard

"@emnapi/runtime@npm:1.10.0":
  version: 1.10.0
  resolution: "@emnapi/runtime@npm:1.10.0"
  dependencies:
    tslib: "npm:^2.4.0"
  checksum: 10c0/953f14991d1aefb92ee6f8eb27dea725e484791a53a0cb5f47d9e0087b9a2c929ff2e92adf95af15d6ad456db6300c6b761ebf72b50a875b874a83520b3ba093
  languageName: node
  linkType: hard

"@emnapi/wasi-threads@npm:1.2.1":
  version: 1.2.1
  resolution: "@emnapi/wasi-threads@npm:1.2.1"
  dependencies:
    tslib: "npm:^2.4.0"
  checksum: 10c0/32fcfa81ab396533b2ec1f4082b1ff779a05d9c836bbbd3f4398405b0e6814c0d9503b7993130e37bc6941dbc1ded49f55e9700ae9ca4e803bab2b5bc5deb331
  languageName: node
  linkType: hard

"@esbuild/aix-ppc64@npm:0.28.1":
  version: 0.28.1
  resolution: "@esbuild/aix-ppc64@npm:0.28.1"
  conditions: os=aix & cpu=ppc64
  languageName: node
  linkType: hard

"@esbuild/android-arm64@npm:0.28.1":
  version: 0.28.1
  resolution: "@esbuild/android-arm64@npm:0.28.1"
  conditions: os=android & cpu=arm64
  languageName: node
  linkType: hard

"@esbuild/android-arm@npm:0.28.1":
  version: 0.28.1
  resolution: "@esbuild/android-arm@npm:0.28.1"
  conditions: os=android & cpu=arm
  languageName: node
  linkType: hard

"@esbuild/android-x64@npm:0.28.1":
  version: 0.28.1
  resolution: "@esbuild/android-x64@npm:0.28.1"
  conditions: os=android & cpu=x64
  languageName: node
  linkType: hard

"@esbuild/darwin-arm64@npm:0.28.1":
  version: 0.28.1
  resolution: "@esbuild/darwin-arm64@npm:0.28.1"
  conditions: os=darwin & cpu=arm64
  languageName: node
  linkType: hard

"@esbuild/darwin-x64@npm:0.28.1":
  version: 0.28.1
  resolution: "@esbuild/darwin-x64@npm:0.28.1"
  conditions: os=darwin & cpu=x64
  languageName: node
  linkType: hard

"@esbuild/freebsd-arm64@npm:0.28.1":
  version: 0.28.1
  resolution: "@esbuild/freebsd-arm64@npm:0.28.1"
  conditions: os=freebsd & cpu=arm64
  languageName: node
  linkType: hard

"@esbuild/freebsd-x64@npm:0.28.1":
  version: 0.28.1
  resolution: "@esbuild/freebsd-x64@npm:0.28.1"
  conditions: os=freebsd & cpu=x64
  languageName: node
  linkType: hard

"@esbuild/linux-arm64@npm:0.28.1":
  version: 0.28.1
  resolution: "@esbuild/linux-arm64@npm:0.28.1"
  conditions: os=linux & cpu=arm64
  languageName: node
  linkType: hard

"@esbuild/linux-arm@npm:0.28.1":
  version: 0.28.1
  resolution: "@esbuild/linux-arm@npm:0.28.1"
  conditions: os=linux & cpu=arm
  languageName: node
  linkType: hard

"@esbuild/linux-ia32@npm:0.28.1":
  version: 0.28.1
  resolution: "@esbuild/linux-ia32@npm:0.28.1"
  conditions: os=linux & cpu=ia32
  languageName: node
  linkType: hard

"@esbuild/linux-loong64@npm:0.28.1":
  version: 0.28.1
  resolution: "@esbuild/linux-loong64@npm:0.28.1"
  conditions: os=linux & cpu=loong64
  languageName: node
  linkType: hard

"@esbuild/linux-mips64el@npm:0.28.1":
  version: 0.28.1
  resolution: "@esbuild/linux-mips64el@npm:0.28.1"
  conditions: os=linux & cpu=mips64el
  languageName: node
  linkType: hard

"@esbuild/linux-ppc64@npm:0.28.1":
  version: 0.28.1
  resolution: "@esbuild/linux-ppc64@npm:0.28.1"
  conditions: os=linux & cpu=ppc64
  languageName: node
  linkType: hard

"@esbuild/linux-riscv64@npm:0.28.1":
  version: 0.28.1
  resolution: "@esbuild/linux-riscv64@npm:0.28.1"
  conditions: os=linux & cpu=riscv64
  languageName: node
  linkType: hard

"@esbuild/linux-s390x@npm:0.28.1":
  version: 0.28.1
  resolution: "@esbuild/linux-s390x@npm:0.28.1"
  conditions: os=linux & cpu=s390x
  languageName: node
  linkType: hard

"@esbuild/linux-x64@npm:0.28.1":
  version: 0.28.1
  resolution: "@esbuild/linux-x64@npm:0.28.1"
  conditions: os=linux & cpu=x64
  languageName: node
  linkType: hard

"@esbuild/netbsd-arm64@npm:0.28.1":
  version: 0.28.1
  resolution: "@esbuild/netbsd-arm64@npm:0.28.1"
  conditions: os=netbsd & cpu=arm64
  languageName: node
  linkType: hard

"@esbuild/netbsd-x64@npm:0.28.1":
  version: 0.28.1
  resolution: "@esbuild/netbsd-x64@npm:0.28.1"
  conditions: os=netbsd & cpu=x64
  languageName: node
  linkType: hard

"@esbuild/openbsd-arm64@npm:0.28.1":
  version: 0.28.1
  resolution: "@esbuild/openbsd-arm64@npm:0.28.1"
  conditions: os=openbsd & cpu=arm64
  languageName: node
  linkType: hard

"@esbuild/openbsd-x64@npm:0.28.1":
  version: 0.28.1
  resolution: "@esbuild/openbsd-x64@npm:0.28.1"
  conditions: os=openbsd & cpu=x64
  languageName: node
  linkType: hard

"@esbuild/openharmony-arm64@npm:0.28.1":
  version: 0.28.1
  resolution: "@esbuild/openharmony-arm64@npm:0.28.1"
  conditions: os=openharmony & cpu=arm64
  languageName: node
  linkType: hard

"@esbuild/sunos-x64@npm:0.28.1":
  version: 0.28.1
  resolution: "@esbuild/sunos-x64@npm:0.28.1"
  conditions: os=sunos & cpu=x64
  languageName: node
  linkType: hard

"@esbuild/win32-arm64@npm:0.28.1":
  version: 0.28.1
  resolution: "@esbuild/win32-arm64@npm:0.28.1"
  conditions: os=win32 & cpu=arm64
  languageName: node
  linkType: hard

"@esbuild/win32-ia32@npm:0.28.1":
  version: 0.28.1
  resolution: "@esbuild/win32-ia32@npm:0.28.1"
  conditions: os=win32 & cpu=ia32
  languageName: node
  linkType: hard

"@esbuild/win32-x64@npm:0.28.1":
  version: 0.28.1
  resolution: "@esbuild/win32-x64@npm:0.28.1"
  conditions: os=win32 & cpu=x64
  languageName: node
  linkType: hard

"@isaacs/fs-minipass@npm:^4.0.0":
  version: 4.0.1
  resolution: "@isaacs/fs-minipass@npm:4.0.1"
  dependencies:
    minipass: "npm:^7.0.4"
  checksum: 10c0/c25b6dc1598790d5b55c0947a9b7d111cfa92594db5296c3b907e2f533c033666f692a3939eadac17b1c7c40d362d0b0635dc874cbfe3e70db7c2b07cc97a5d2
  languageName: node
  linkType: hard

"@napi-rs/wasm-runtime@npm:^1.1.4":
  version: 1.1.4
  resolution: "@napi-rs/wasm-runtime@npm:1.1.4"
  dependencies:
    "@tybys/wasm-util": "npm:^0.10.1"
  peerDependencies:
    "@emnapi/core": ^1.7.1
    "@emnapi/runtime": ^1.7.1
  checksum: 10c0/2e88e1955258949ccf2d18c79975821ad38071b465ef126a5e14110977b97868867b016c1ad046e963cccc42c0bd9db6c8ff5fd1ebb61b87bb3487f339041658
  languageName: node
  linkType: hard

"@opentelemetry/api-logs@npm:<1.0.0":
  version: 0.215.0
  resolution: "@opentelemetry/api-logs@npm:0.215.0"
  dependencies:
    "@opentelemetry/api": "npm:^1.3.0"
  checksum: 10c0/9ec6a46c064f71d01c21b45d1e90183efb2476f41ef9ac450bc95077c618cc7fe95bdb65fcd6f134d634e1950a1fe97678e6efe1a8382a11ebae6d8e960330e0
  languageName: node
  linkType: hard

"@opentelemetry/api@npm:>=1.0.0 <1.10.0, @opentelemetry/api@npm:^1.3.0":
  version: 1.9.1
  resolution: "@opentelemetry/api@npm:1.9.1"
  checksum: 10c0/c608485fc8b5a91e1f7e05e843b45b509307456b31cd2ad365933d90813e40ebfedf179f1451c762037e82d7c76aa8500e95d2da3609f640a1206cde5322cd14
  languageName: node
  linkType: hard

"@oxc-parser/binding-android-arm-eabi@npm:0.132.0":
  version: 0.132.0
  resolution: "@oxc-parser/binding-android-arm-eabi@npm:0.132.0"
  conditions: os=android & cpu=arm
  languageName: node
  linkType: hard

"@oxc-parser/binding-android-arm64@npm:0.132.0":
  version: 0.132.0
  resolution: "@oxc-parser/binding-android-arm64@npm:0.132.0"
  conditions: os=android & cpu=arm64
  languageName: node
  linkType: hard

"@oxc-parser/binding-darwin-arm64@npm:0.132.0":
  version: 0.132.0
  resolution: "@oxc-parser/binding-darwin-arm64@npm:0.132.0"
  conditions: os=darwin & cpu=arm64
  languageName: node
  linkType: hard

"@oxc-parser/binding-darwin-x64@npm:0.132.0":
  version: 0.132.0
  resolution: "@oxc-parser/binding-darwin-x64@npm:0.132.0"
  conditions: os=darwin & cpu=x64
  languageName: node
  linkType: hard

"@oxc-parser/binding-freebsd-x64@npm:0.132.0":
  version: 0.132.0
  resolution: "@oxc-parser/binding-freebsd-x64@npm:0.132.0"
  conditions: os=freebsd & cpu=x64
  languageName: node
  linkType: hard

"@oxc-parser/binding-linux-arm-gnueabihf@npm:0.132.0":
  version: 0.132.0
  resolution: "@oxc-parser/binding-linux-arm-gnueabihf@npm:0.132.0"
  conditions: os=linux & cpu=arm
  languageName: node
  linkType: hard

"@oxc-parser/binding-linux-arm-musleabihf@npm:0.132.0":
  version: 0.132.0
  resolution: "@oxc-parser/binding-linux-arm-musleabihf@npm:0.132.0"
  conditions: os=linux & cpu=arm
  languageName: node
  linkType: hard

"@oxc-parser/binding-linux-arm64-gnu@npm:0.132.0":
  version: 0.132.0
  resolution: "@oxc-parser/binding-linux-arm64-gnu@npm:0.132.0"
  conditions: os=linux & cpu=arm64 & libc=glibc
  languageName: node
  linkType: hard

"@oxc-parser/binding-linux-arm64-musl@npm:0.132.0":
  version: 0.132.0
  resolution: "@oxc-parser/binding-linux-arm64-musl@npm:0.132.0"
  conditions: os=linux & cpu=arm64 & libc=musl
  languageName: node
  linkType: hard

"@oxc-parser/binding-linux-ppc64-gnu@npm:0.132.0":
  version: 0.132.0
  resolution: "@oxc-parser/binding-linux-ppc64-gnu@npm:0.132.0"
  conditions: os=linux & cpu=ppc64 & libc=glibc
  languageName: node
  linkType: hard

"@oxc-parser/binding-linux-riscv64-gnu@npm:0.132.0":
  version: 0.132.0
  resolution: "@oxc-parser/binding-linux-riscv64-gnu@npm:0.132.0"
  conditions: os=linux & cpu=riscv64 & libc=glibc
  languageName: node
  linkType: hard

"@oxc-parser/binding-linux-riscv64-musl@npm:0.132.0":
  version: 0.132.0
  resolution: "@oxc-parser/binding-linux-riscv64-musl@npm:0.132.0"
  conditions: os=linux & cpu=riscv64 & libc=musl
  languageName: node
  linkType: hard

"@oxc-parser/binding-linux-s390x-gnu@npm:0.132.0":
  version: 0.132.0
  resolution: "@oxc-parser/binding-linux-s390x-gnu@npm:0.132.0"
  conditions: os=linux & cpu=s390x & libc=glibc
  languageName: node
  linkType: hard

"@oxc-parser/binding-linux-x64-gnu@npm:0.132.0":
  version: 0.132.0
  resolution: "@oxc-parser/binding-linux-x64-gnu@npm:0.132.0"
  conditions: os=linux & cpu=x64 & libc=glibc
  languageName: node
  linkType: hard

"@oxc-parser/binding-linux-x64-musl@npm:0.132.0":
  version: 0.132.0
  resolution: "@oxc-parser/binding-linux-x64-musl@npm:0.132.0"
  conditions: os=linux & cpu=x64 & libc=musl
  languageName: node
  linkType: hard

"@oxc-parser/binding-openharmony-arm64@npm:0.132.0":
  version: 0.132.0
  resolution: "@oxc-parser/binding-openharmony-arm64@npm:0.132.0"
  conditions: os=openharmony & cpu=arm64
  languageName: node
  linkType: hard

"@oxc-parser/binding-wasm32-wasi@npm:0.132.0":
  version: 0.132.0
  resolution: "@oxc-parser/binding-wasm32-wasi@npm:0.132.0"
  dependencies:
    "@emnapi/core": "npm:1.10.0"
    "@emnapi/runtime": "npm:1.10.0"
    "@napi-rs/wasm-runtime": "npm:^1.1.4"
  conditions: cpu=wasm32
  languageName: node
  linkType: hard

"@oxc-parser/binding-win32-arm64-msvc@npm:0.132.0":
  version: 0.132.0
  resolution: "@oxc-parser/binding-win32-arm64-msvc@npm:0.132.0"
  conditions: os=win32 & cpu=arm64
  languageName: node
  linkType: hard

"@oxc-parser/binding-win32-ia32-msvc@npm:0.132.0":
  version: 0.132.0
  resolution: "@oxc-parser/binding-win32-ia32-msvc@npm:0.132.0"
  conditions: os=win32 & cpu=ia32
  languageName: node
  linkType: hard

"@oxc-parser/binding-win32-x64-msvc@npm:0.132.0":
  version: 0.132.0
  resolution: "@oxc-parser/binding-win32-x64-msvc@npm:0.132.0"
  conditions: os=win32 & cpu=x64
  languageName: node
  linkType: hard

"@oxc-project/types@npm:^0.132.0":
  version: 0.132.0
  resolution: "@oxc-project/types@npm:0.132.0"
  checksum: 10c0/d0ca5e98be0b873d69e4f0f743eb35026833603dac11db9d55f2b5438251b381b886dc556fe3175a17b673f8e2073c49bde88d7e6e702aa09298c22b8b5504e1
  languageName: node
  linkType: hard

"@tybys/wasm-util@npm:^0.10.1":
  version: 0.10.1
  resolution: "@tybys/wasm-util@npm:0.10.1"
  dependencies:
    tslib: "npm:^2.4.0"
  checksum: 10c0/b255094f293794c6d2289300c5fbcafbb5532a3aed3a5ffd2f8dc1828e639b88d75f6a376dd8f94347a44813fd7a7149d8463477a9a49525c8b2dcaa38c2d1e8
  languageName: node
  linkType: hard

"@types/node@npm:^24.9.0":
  version: 24.10.9
  resolution: "@types/node@npm:24.10.9"
  dependencies:
    undici-types: "npm:~7.16.0"
  checksum: 10c0/e9e436fcd2136bddb1bbe3271a89f4653910bcf6ee8047c4117f544c7905a106c039e2720ee48f28505ef2560e22fb9ead719f28bf5e075fdde0c1120e38e3b2
  languageName: node
  linkType: hard

"abbrev@npm:^4.0.0":
  version: 4.0.0
  resolution: "abbrev@npm:4.0.0"
  checksum: 10c0/b4cc16935235e80702fc90192e349e32f8ef0ed151ef506aa78c81a7c455ec18375c4125414b99f84b2e055199d66383e787675f0bcd87da7a4dbd59f9eac1d5
  languageName: node
  linkType: hard

"acorn-import-attributes@npm:^1.9.5":
  version: 1.9.5
  resolution: "acorn-import-attributes@npm:1.9.5"
  peerDependencies:
    acorn: ^8
  checksum: 10c0/5926eaaead2326d5a86f322ff1b617b0f698aa61dc719a5baa0e9d955c9885cc71febac3fb5bacff71bbf2c4f9c12db2056883c68c53eb962c048b952e1e013d
  languageName: node
  linkType: hard

"acorn@npm:^8.15.0":
  version: 8.16.0
  resolution: "acorn@npm:8.16.0"
  bin:
    acorn: bin/acorn
  checksum: 10c0/c9c52697227661b68d0debaf972222d4f622aa06b185824164e153438afa7b08273432ca43ea792cadb24dada1d46f6f6bb1ef8de9956979288cc1b96bf9914e
  languageName: node
  linkType: hard

"argparse@npm:^2.0.1":
  version: 2.0.1
  resolution: "argparse@npm:2.0.1"
  checksum: 10c0/c5640c2d89045371c7cedd6a70212a04e360fd34d6edeae32f6952c63949e3525ea77dbec0289d8213a99bbaeab5abfa860b5c12cf88a2e6cf8106e90dd27a7e
  languageName: node
  linkType: hard

"chownr@npm:^3.0.0":
  version: 3.0.0
  resolution: "chownr@npm:3.0.0"
  checksum: 10c0/43925b87700f7e3893296c8e9c56cc58f926411cce3a6e5898136daaf08f08b9a8eb76d37d3267e707d0dcc17aed2e2ebdf5848c0c3ce95cf910a919935c1b10
  languageName: node
  linkType: hard

"cjs-module-lexer@npm:^2.2.0":
  version: 2.2.0
  resolution: "cjs-module-lexer@npm:2.2.0"
  checksum: 10c0/aec4ca58f87145fac221386790ecaae8b012f2e2359a45acb61d8c75ea4fa84f6ea869f17abc1a7e91a808eff0fed581209632f03540de16f72f0a28f5fd35ac
  languageName: node
  linkType: hard

"dc-polyfill@npm:^0.1.11":
  version: 0.1.11
  resolution: "dc-polyfill@npm:0.1.11"
  checksum: 10c0/5e47d89230ca276fd54dc7218c8ae82748a681d341eb042eb3c76896668f2ac01084d93f00594476b347d309b434d114f48b81ec444d5cb1ec0581f65503f9a3
  languageName: node
  linkType: hard

"dd-trace@npm:5.109.0":
  version: 5.109.0
  resolution: "dd-trace@npm:5.109.0"
  dependencies:
    "@datadog/libdatadog": "npm:0.9.4"
    "@datadog/native-appsec": "npm:11.0.1"
    "@datadog/native-iast-taint-tracking": "npm:4.2.0"
    "@datadog/native-metrics": "npm:3.1.2"
    "@datadog/openfeature-node-server": "npm:2.0.0"
    "@datadog/pprof": "npm:5.15.0"
    "@datadog/wasm-js-rewriter": "npm:5.0.1"
    "@opentelemetry/api": "npm:>=1.0.0 <1.10.0"
    "@opentelemetry/api-logs": "npm:<1.0.0"
    dc-polyfill: "npm:^0.1.11"
    import-in-the-middle: "npm:^3.0.1"
    opentracing: "npm:>=0.14.7"
    oxc-parser: "npm:^0.132.0"
  dependenciesMeta:
    "@datadog/libdatadog":
      optional: true
    "@datadog/native-appsec":
      optional: true
    "@datadog/native-iast-taint-tracking":
      optional: true
    "@datadog/native-metrics":
      optional: true
    "@datadog/openfeature-node-server":
      optional: true
    "@datadog/pprof":
      optional: true
    "@datadog/wasm-js-rewriter":
      optional: true
    "@opentelemetry/api":
      optional: true
    "@opentelemetry/api-logs":
      optional: true
    oxc-parser:
      optional: true
  checksum: 10c0/1dfc3ef38fa8b3cf9daf9c22a5f57da6205bceea6a30c950f16e8262c4569aca1d2a301a85d33c6465d04574e013162b4de1e93005ac7d705ce9b9ef0c5c08e9
  languageName: node
  linkType: hard

"debug@npm:^4.1.0, debug@npm:^4.1.1":
  version: 4.4.3
  resolution: "debug@npm:4.4.3"
  dependencies:
    ms: "npm:^2.1.3"
  peerDependenciesMeta:
    supports-color:
      optional: true
  checksum: 10c0/d79136ec6c83ecbefd0f6a5593da6a9c91ec4d7ddc4b54c883d6e71ec9accb5f67a1a5e96d00a328196b5b5c86d365e98d8a3a70856aaf16b4e7b1985e67f5a6
  languageName: node
  linkType: hard

"e2e-test-app@workspace:.":
  version: 0.0.0-use.local
  resolution: "e2e-test-app@workspace:."
  dependencies:
    "@datadog/browser-rum": "npm:7.4.0"
    "@datadog/electron-sdk": "portal:../.."
    electron: "npm:41.8.0"
    esbuild: "npm:0.28.1"
    typescript: "npm:5.9.3"
  languageName: unknown
  linkType: soft

"electron@npm:41.8.0":
  version: 41.8.0
  resolution: "electron@npm:41.8.0"
  dependencies:
    "@electron-internal/extract-zip": "npm:^1.0.1"
    "@electron/get": "npm:^5.0.0"
    "@types/node": "npm:^24.9.0"
  bin:
    electron: cli.js
  checksum: 10c0/f2ef2aaa9a935ed8ea8a952c7a687be531b2733711b84a764e5a419a69934fee551a4263a83c397db37773c14df0c7e4400692c0ac17961a41433208d34f43dd
  languageName: node
  linkType: hard

"env-paths@npm:^2.2.0":
  version: 2.2.1
  resolution: "env-paths@npm:2.2.1"
  checksum: 10c0/285325677bf00e30845e330eec32894f5105529db97496ee3f598478e50f008c5352a41a30e5e72ec9de8a542b5a570b85699cd63bd2bc646dbcb9f311d83bc4
  languageName: node
  linkType: hard

"env-paths@npm:^3.0.0":
  version: 3.0.0
  resolution: "env-paths@npm:3.0.0"
  checksum: 10c0/76dec878cee47f841103bacd7fae03283af16f0702dad65102ef0a556f310b98a377885e0f32943831eb08b5ab37842a323d02529f3dfd5d0a40ca71b01b435f
  languageName: node
  linkType: hard

"esbuild@npm:0.28.1":
  version: 0.28.1
  resolution: "esbuild@npm:0.28.1"
  dependencies:
    "@esbuild/aix-ppc64": "npm:0.28.1"
    "@esbuild/android-arm": "npm:0.28.1"
    "@esbuild/android-arm64": "npm:0.28.1"
    "@esbuild/android-x64": "npm:0.28.1"
    "@esbuild/darwin-arm64": "npm:0.28.1"
    "@esbuild/darwin-x64": "npm:0.28.1"
    "@esbuild/freebsd-arm64": "npm:0.28.1"
    "@esbuild/freebsd-x64": "npm:0.28.1"
    "@esbuild/linux-arm": "npm:0.28.1"
    "@esbuild/linux-arm64": "npm:0.28.1"
    "@esbuild/linux-ia32": "npm:0.28.1"
    "@esbuild/linux-loong64": "npm:0.28.1"
    "@esbuild/linux-mips64el": "npm:0.28.1"
    "@esbuild/linux-ppc64": "npm:0.28.1"
    "@esbuild/linux-riscv64": "npm:0.28.1"
    "@esbuild/linux-s390x": "npm:0.28.1"
    "@esbuild/linux-x64": "npm:0.28.1"
    "@esbuild/netbsd-arm64": "npm:0.28.1"
    "@esbuild/netbsd-x64": "npm:0.28.1"
    "@esbuild/openbsd-arm64": "npm:0.28.1"
    "@esbuild/openbsd-x64": "npm:0.28.1"
    "@esbuild/openharmony-arm64": "npm:0.28.1"
    "@esbuild/sunos-x64": "npm:0.28.1"
    "@esbuild/win32-arm64": "npm:0.28.1"
    "@esbuild/win32-ia32": "npm:0.28.1"
    "@esbuild/win32-x64": "npm:0.28.1"
  dependenciesMeta:
    "@esbuild/aix-ppc64":
      optional: true
    "@esbuild/android-arm":
      optional: true
    "@esbuild/android-arm64":
      optional: true
    "@esbuild/android-x64":
      optional: true
    "@esbuild/darwin-arm64":
      optional: true
    "@esbuild/darwin-x64":
      optional: true
    "@esbuild/freebsd-arm64":
      optional: true
    "@esbuild/freebsd-x64":
      optional: true
    "@esbuild/linux-arm":
      optional: true
    "@esbuild/linux-arm64":
      optional: true
    "@esbuild/linux-ia32":
      optional: true
    "@esbuild/linux-loong64":
      optional: true
    "@esbuild/linux-mips64el":
      optional: true
    "@esbuild/linux-ppc64":
      optional: true
    "@esbuild/linux-riscv64":
      optional: true
    "@esbuild/linux-s390x":
      optional: true
    "@esbuild/linux-x64":
      optional: true
    "@esbuild/netbsd-arm64":
      optional: true
    "@esbuild/netbsd-x64":
      optional: true
    "@esbuild/openbsd-arm64":
      optional: true
    "@esbuild/openbsd-x64":
      optional: true
    "@esbuild/openharmony-arm64":
      optional: true
    "@esbuild/sunos-x64":
      optional: true
    "@esbuild/win32-arm64":
      optional: true
    "@esbuild/win32-ia32":
      optional: true
    "@esbuild/win32-x64":
      optional: true
  bin:
    esbuild: bin/esbuild
  checksum: 10c0/29cd456a79ce35ac2c7e05fe871330416b2c395c045d849653f843e51378d6e0d6e774d6dcd01b35f4e83238a29bf8decd04fcd34b3780c589a250b21e5f92bb
  languageName: node
  linkType: hard

"exponential-backoff@npm:^3.1.1":
  version: 3.1.3
  resolution: "exponential-backoff@npm:3.1.3"
  checksum: 10c0/77e3ae682b7b1f4972f563c6dbcd2b0d54ac679e62d5d32f3e5085feba20483cf28bd505543f520e287a56d4d55a28d7874299941faf637e779a1aa5994d1267
  languageName: node
  linkType: hard

"fdir@npm:^6.5.0":
  version: 6.5.0
  resolution: "fdir@npm:6.5.0"
  peerDependencies:
    picomatch: ^3 || ^4
  peerDependenciesMeta:
    picomatch:
      optional: true
  checksum: 10c0/e345083c4306b3aed6cb8ec551e26c36bab5c511e99ea4576a16750ddc8d3240e63826cc624f5ae17ad4dc82e68a253213b60d556c11bfad064b7607847ed07f
  languageName: node
  linkType: hard

"graceful-fs@npm:^4.2.11, graceful-fs@npm:^4.2.6":
  version: 4.2.11
  resolution: "graceful-fs@npm:4.2.11"
  checksum: 10c0/386d011a553e02bc594ac2ca0bd6d9e4c22d7fa8cfbfc448a6d148c59ea881b092db9dbe3547ae4b88e55f1b01f7c4a2ecc53b310c042793e63aa44cf6c257f2
  languageName: node
  linkType: hard

"import-in-the-middle@npm:^3.0.1":
  version: 3.0.1
  resolution: "import-in-the-middle@npm:3.0.1"
  dependencies:
    acorn: "npm:^8.15.0"
    acorn-import-attributes: "npm:^1.9.5"
    cjs-module-lexer: "npm:^2.2.0"
    module-details-from-path: "npm:^1.0.4"
  checksum: 10c0/afd314edb76764ff53d624e2868f5489a9fb81d22745da3db88121a962f422390b59be86fc5cb1158ed672025ece3b3f8a4943e5dde116bae3dac9f0ff5aff86
  languageName: node
  linkType: hard

"isexe@npm:^4.0.0":
  version: 4.0.0
  resolution: "isexe@npm:4.0.0"
  checksum: 10c0/5884815115bceac452877659a9c7726382531592f43dc29e5d48b7c4100661aed54018cb90bd36cb2eaeba521092570769167acbb95c18d39afdccbcca06c5ce
  languageName: node
  linkType: hard

"js-yaml@npm:^4.1.0":
  version: 4.1.1
  resolution: "js-yaml@npm:4.1.1"
  dependencies:
    argparse: "npm:^2.0.1"
  bin:
    js-yaml: bin/js-yaml.js
  checksum: 10c0/561c7d7088c40a9bb53cc75becbfb1df6ae49b34b5e6e5a81744b14ae8667ec564ad2527709d1a6e7d5e5fa6d483aa0f373a50ad98d42fde368ec4a190d4fae7
  languageName: node
  linkType: hard

"lru-cache@npm:^7.14.0":
  version: 7.18.3
  resolution: "lru-cache@npm:7.18.3"
  checksum: 10c0/b3a452b491433db885beed95041eb104c157ef7794b9c9b4d647be503be91769d11206bb573849a16b4cc0d03cbd15ffd22df7960997788b74c1d399ac7a4fed
  languageName: node
  linkType: hard

"minipass@npm:^7.0.4, minipass@npm:^7.1.2":
  version: 7.1.3
  resolution: "minipass@npm:7.1.3"
  checksum: 10c0/539da88daca16533211ea5a9ee98dc62ff5742f531f54640dd34429e621955e91cc280a91a776026264b7f9f6735947629f920944e9c1558369e8bf22eb33fbb
  languageName: node
  linkType: hard

"minizlib@npm:^3.1.0":
  version: 3.1.0
  resolution: "minizlib@npm:3.1.0"
  dependencies:
    minipass: "npm:^7.1.2"
  checksum: 10c0/5aad75ab0090b8266069c9aabe582c021ae53eb33c6c691054a13a45db3b4f91a7fb1bd79151e6b4e9e9a86727b522527c0a06ec7d45206b745d54cd3097bcec
  languageName: node
  linkType: hard

"module-details-from-path@npm:^1.0.3, module-details-from-path@npm:^1.0.4":
  version: 1.0.4
  resolution: "module-details-from-path@npm:1.0.4"
  checksum: 10c0/10863413e96dab07dee917eae07afe46f7bf853065cc75a7d2a718adf67574857fb64f8a2c0c9af12ac733a9a8cf652db7ed39b95f7a355d08106cb9cc50c83b
  languageName: node
  linkType: hard

"ms@npm:^2.1.3":
  version: 2.1.3
  resolution: "ms@npm:2.1.3"
  checksum: 10c0/d924b57e7312b3b63ad21fc5b3dc0af5e78d61a1fc7cfb5457edaf26326bf62be5307cc87ffb6862ef1c2b33b0233cdb5d4f01c4c958cc0d660948b65a287a48
  languageName: node
  linkType: hard

"node-addon-api@npm:^6.1.0":
  version: 6.1.0
  resolution: "node-addon-api@npm:6.1.0"
  dependencies:
    node-gyp: "npm:latest"
  checksum: 10c0/d2699c4ad15740fd31482a3b6fca789af7723ab9d393adc6ac45250faaee72edad8f0b10b2b9d087df0de93f1bdc16d97afdd179b26b9ebc9ed68b569faa4bac
  languageName: node
  linkType: hard

"node-gyp-build@npm:^3.9.0":
  version: 3.9.0
  resolution: "node-gyp-build@npm:3.9.0"
  bin:
    node-gyp-build: ./bin.js
    node-gyp-build-optional: ./optional.js
    node-gyp-build-test: ./build-test.js
  checksum: 10c0/0e7e39e5746728e6adf58803d9c3c732b6107f1af3df5128c4c2a6c9c0fb99a6c981ad0a7514d707adccbcfe303b4a92da7949408f1d3ec281f70d37bec29f60
  languageName: node
  linkType: hard

"node-gyp-build@npm:^4.5.0, node-gyp-build@npm:^4.8.4":
  version: 4.8.4
  resolution: "node-gyp-build@npm:4.8.4"
  bin:
    node-gyp-build: bin.js
    node-gyp-build-optional: optional.js
    node-gyp-build-test: build-test.js
  checksum: 10c0/444e189907ece2081fe60e75368784f7782cfddb554b60123743dfb89509df89f1f29c03bbfa16b3a3e0be3f48799a4783f487da6203245fa5bed239ba7407e1
  languageName: node
  linkType: hard

"node-gyp@npm:latest":
  version: 12.3.0
  resolution: "node-gyp@npm:12.3.0"
  dependencies:
    env-paths: "npm:^2.2.0"
    exponential-backoff: "npm:^3.1.1"
    graceful-fs: "npm:^4.2.6"
    nopt: "npm:^9.0.0"
    proc-log: "npm:^6.0.0"
    semver: "npm:^7.3.5"
    tar: "npm:^7.5.4"
    tinyglobby: "npm:^0.2.12"
    undici: "npm:^6.25.0"
    which: "npm:^6.0.0"
  bin:
    node-gyp: bin/node-gyp.js
  checksum: 10c0/9d9032b405cbe42f72a105259d9eb679376470c102df4a2dbaa51e07d59bf741dcffb85897087ea9d8318b9cabb824a8978af51508ae142f0239ae1e6a3c2329
  languageName: node
  linkType: hard

"nopt@npm:^9.0.0":
  version: 9.0.0
  resolution: "nopt@npm:9.0.0"
  dependencies:
    abbrev: "npm:^4.0.0"
  bin:
    nopt: bin/nopt.js
  checksum: 10c0/1822eb6f9b020ef6f7a7516d7b64a8036e09666ea55ac40416c36e4b2b343122c3cff0e2f085675f53de1d2db99a2a89a60ccea1d120bcd6a5347bf6ceb4a7fd
  languageName: node
  linkType: hard

"opentracing@npm:>=0.14.7":
  version: 0.14.7
  resolution: "opentracing@npm:0.14.7"
  checksum: 10c0/a7be8d697b1997548233423f5f4c196e285af8e864a24d7704fc6029beb73cd1f987651ca814e207629c6bc624cb03297a86601c0dc51cdca9a07a20f97b71ea
  languageName: node
  linkType: hard

"oxc-parser@npm:^0.132.0":
  version: 0.132.0
  resolution: "oxc-parser@npm:0.132.0"
  dependencies:
    "@oxc-parser/binding-android-arm-eabi": "npm:0.132.0"
    "@oxc-parser/binding-android-arm64": "npm:0.132.0"
    "@oxc-parser/binding-darwin-arm64": "npm:0.132.0"
    "@oxc-parser/binding-darwin-x64": "npm:0.132.0"
    "@oxc-parser/binding-freebsd-x64": "npm:0.132.0"
    "@oxc-parser/binding-linux-arm-gnueabihf": "npm:0.132.0"
    "@oxc-parser/binding-linux-arm-musleabihf": "npm:0.132.0"
    "@oxc-parser/binding-linux-arm64-gnu": "npm:0.132.0"
    "@oxc-parser/binding-linux-arm64-musl": "npm:0.132.0"
    "@oxc-parser/binding-linux-ppc64-gnu": "npm:0.132.0"
    "@oxc-parser/binding-linux-riscv64-gnu": "npm:0.132.0"
    "@oxc-parser/binding-linux-riscv64-musl": "npm:0.132.0"
    "@oxc-parser/binding-linux-s390x-gnu": "npm:0.132.0"
    "@oxc-parser/binding-linux-x64-gnu": "npm:0.132.0"
    "@oxc-parser/binding-linux-x64-musl": "npm:0.132.0"
    "@oxc-parser/binding-openharmony-arm64": "npm:0.132.0"
    "@oxc-parser/binding-wasm32-wasi": "npm:0.132.0"
    "@oxc-parser/binding-win32-arm64-msvc": "npm:0.132.0"
    "@oxc-parser/binding-win32-ia32-msvc": "npm:0.132.0"
    "@oxc-parser/binding-win32-x64-msvc": "npm:0.132.0"
    "@oxc-project/types": "npm:^0.132.0"
  dependenciesMeta:
    "@oxc-parser/binding-android-arm-eabi":
      optional: true
    "@oxc-parser/binding-android-arm64":
      optional: true
    "@oxc-parser/binding-darwin-arm64":
      optional: true
    "@oxc-parser/binding-darwin-x64":
      optional: true
    "@oxc-parser/binding-freebsd-x64":
      optional: true
    "@oxc-parser/binding-linux-arm-gnueabihf":
      optional: true
    "@oxc-parser/binding-linux-arm-musleabihf":
      optional: true
    "@oxc-parser/binding-linux-arm64-gnu":
      optional: true
    "@oxc-parser/binding-linux-arm64-musl":
      optional: true
    "@oxc-parser/binding-linux-ppc64-gnu":
      optional: true
    "@oxc-parser/binding-linux-riscv64-gnu":
      optional: true
    "@oxc-parser/binding-linux-riscv64-musl":
      optional: true
    "@oxc-parser/binding-linux-s390x-gnu":
      optional: true
    "@oxc-parser/binding-linux-x64-gnu":
      optional: true
    "@oxc-parser/binding-linux-x64-musl":
      optional: true
    "@oxc-parser/binding-openharmony-arm64":
      optional: true
    "@oxc-parser/binding-wasm32-wasi":
      optional: true
    "@oxc-parser/binding-win32-arm64-msvc":
      optional: true
    "@oxc-parser/binding-win32-ia32-msvc":
      optional: true
    "@oxc-parser/binding-win32-x64-msvc":
      optional: true
  checksum: 10c0/f3a4c5b8e19bed6a7dac19f19c0d94e84f9969f7c93f57e8b7713351a68c7d0378fc9e29c6afbecd41ce93cf5c18bb216959ba495c2d13bd53b82007eaa58b70
  languageName: node
  linkType: hard

"picomatch@npm:^4.0.4":
  version: 4.0.4
  resolution: "picomatch@npm:4.0.4"
  checksum: 10c0/e2c6023372cc7b5764719a5ffb9da0f8e781212fa7ca4bd0562db929df8e117460f00dff3cb7509dacfc06b86de924b247f504d0ce1806a37fac4633081466b0
  languageName: node
  linkType: hard

"pprof-format@npm:^2.2.1":
  version: 2.2.1
  resolution: "pprof-format@npm:2.2.1"
  checksum: 10c0/1c8051b3e3ebba1ac2b8d7cf0a84ce501fdabe5e72a803c7daa6ddf67cbee33e9b5d6dbc6ffbeb740e3e56600c875f372576304ed718a4ffa4c89c18185494ae
  languageName: node
  linkType: hard

"proc-log@npm:^6.0.0":
  version: 6.1.0
  resolution: "proc-log@npm:6.1.0"
  checksum: 10c0/4f178d4062733ead9d71a9b1ab24ebcecdfe2250916a5b1555f04fe2eda972a0ec76fbaa8df1ad9c02707add6749219d118a4fc46dc56bdfe4dde4b47d80bb82
  languageName: node
  linkType: hard

"progress@npm:^2.0.3":
  version: 2.0.3
  resolution: "progress@npm:2.0.3"
  checksum: 10c0/1697e07cb1068055dbe9fe858d242368ff5d2073639e652b75a7eb1f2a1a8d4afd404d719de23c7b48481a6aa0040686310e2dac2f53d776daa2176d3f96369c
  languageName: node
  linkType: hard

"semver@npm:^7.3.5, semver@npm:^7.6.3":
  version: 7.8.5
  resolution: "semver@npm:7.8.5"
  bin:
    semver: bin/semver.js
  checksum: 10c0/b1f3127a5be8125a94f37188b361c212466c292c6910adce3ec106cff5dc211ccaedc4739c11bb70fda59d6fc1f040a9bca289f4e093451521a2372e5231fe0c
  languageName: node
  linkType: hard

"source-map@npm:^0.7.4":
  version: 0.7.6
  resolution: "source-map@npm:0.7.6"
  checksum: 10c0/59f6f05538539b274ba771d2e9e32f6c65451982510564438e048bc1352f019c6efcdc6dd07909b1968144941c14015c2c7d4369fb7c4d7d53ae769716dcc16c
  languageName: node
  linkType: hard

"spark-md5@npm:^3.0.2":
  version: 3.0.2
  resolution: "spark-md5@npm:3.0.2"
  checksum: 10c0/3fd11735eac5e7d60d6006d99ac0a055f148a89e9baf5f0b51ac103022dec30556b44190b37f6737ca50f81e8e50dc13e724f9edf6290c412ff5ab2101ce7780
  languageName: node
  linkType: hard

"sumchecker@npm:^3.0.1":
  version: 3.0.1
  resolution: "sumchecker@npm:3.0.1"
  dependencies:
    debug: "npm:^4.1.0"
  checksum: 10c0/43c387be9dfe22dbeaf39dfa4ffb279847aeb37a42a8988c0b066f548bbd209aa8c65e03da29f2b29be1a66b577801bf89fff0007df4183db2f286263a9569e5
  languageName: node
  linkType: hard

"tar@npm:^7.5.4":
  version: 7.5.13
  resolution: "tar@npm:7.5.13"
  dependencies:
    "@isaacs/fs-minipass": "npm:^4.0.0"
    chownr: "npm:^3.0.0"
    minipass: "npm:^7.1.2"
    minizlib: "npm:^3.1.0"
    yallist: "npm:^5.0.0"
  checksum: 10c0/5c65b8084799bde7a791593a1c1a45d3d6ee98182e3700b24c247b7b8f8654df4191642abbdb07ff25043d45dcff35620827c3997b88ae6c12040f64bed5076b
  languageName: node
  linkType: hard

"tinyglobby@npm:^0.2.12":
  version: 0.2.16
  resolution: "tinyglobby@npm:0.2.16"
  dependencies:
    fdir: "npm:^6.5.0"
    picomatch: "npm:^4.0.4"
  checksum: 10c0/f2e09fd93dd95c41e522113b686ff6f7c13020962f8698a864a257f3d7737599afc47722b7ab726e12f8a813f779906187911ff8ee6701ede65072671a7e934b
  languageName: node
  linkType: hard

"tslib@npm:^2.4.0":
  version: 2.8.1
  resolution: "tslib@npm:2.8.1"
  checksum: 10c0/9c4759110a19c53f992d9aae23aac5ced636e99887b51b9e61def52611732872ff7668757d4e4c61f19691e36f4da981cd9485e869b4a7408d689f6bf1f14e62
  languageName: node
  linkType: hard

"typescript@npm:5.9.3":
  version: 5.9.3
  resolution: "typescript@npm:5.9.3"
  bin:
    tsc: bin/tsc
    tsserver: bin/tsserver
  checksum: 10c0/6bd7552ce39f97e711db5aa048f6f9995b53f1c52f7d8667c1abdc1700c68a76a308f579cd309ce6b53646deb4e9a1be7c813a93baaf0a28ccd536a30270e1c5
  languageName: node
  linkType: hard

"typescript@patch:typescript@npm%3A5.9.3#optional!builtin<compat/typescript>":
  version: 5.9.3
  resolution: "typescript@patch:typescript@npm%3A5.9.3#optional!builtin<compat/typescript>::version=5.9.3&hash=5786d5"
  bin:
    tsc: bin/tsc
    tsserver: bin/tsserver
  checksum: 10c0/ad09fdf7a756814dce65bc60c1657b40d44451346858eea230e10f2e95a289d9183b6e32e5c11e95acc0ccc214b4f36289dcad4bf1886b0adb84d711d336a430
  languageName: node
  linkType: hard

"undici-types@npm:~7.16.0":
  version: 7.16.0
  resolution: "undici-types@npm:7.16.0"
  checksum: 10c0/3033e2f2b5c9f1504bdc5934646cb54e37ecaca0f9249c983f7b1fc2e87c6d18399ebb05dc7fd5419e02b2e915f734d872a65da2e3eeed1813951c427d33cc9a
  languageName: node
  linkType: hard

"undici@npm:^6.25.0":
  version: 6.25.0
  resolution: "undici@npm:6.25.0"
  checksum: 10c0/2597cc6689bdb02c210c557b1f85febbfda65becae6e6fc1061508e2f33734d25207f81cd8af56ada9956329eb3a7bd7431e87dcfeceba20ee87059b57dcf985
  languageName: node
  linkType: hard

"undici@npm:^7.24.4":
  version: 7.28.0
  resolution: "undici@npm:7.28.0"
  checksum: 10c0/fe781983a26098795e99bb1f64906cbb7d0bcaa029a26baade007b53ea67f2631d189b8f9671a31f4c8d0cb3773b7559608628ba54452fef51fec90e7c78bb0d
  languageName: node
  linkType: hard

"which@npm:^6.0.0":
  version: 6.0.1
  resolution: "which@npm:6.0.1"
  dependencies:
    isexe: "npm:^4.0.0"
  bin:
    node-which: bin/which.js
  checksum: 10c0/7e710e54ea36d2d6183bee2f9caa27a3b47b9baf8dee55a199b736fcf85eab3b9df7556fca3d02b50af7f3dfba5ea3a45644189836df06267df457e354da66d5
  languageName: node
  linkType: hard

"yallist@npm:^5.0.0":
  version: 5.0.0
  resolution: "yallist@npm:5.0.0"
  checksum: 10c0/a499c81ce6d4a1d260d4ea0f6d49ab4da09681e32c3f0472dee16667ed69d01dae63a3b81745a24bd78476ec4fcf856114cb4896ace738e01da34b2c42235416
  languageName: node
  linkType: hard
